// !$*UTF8*$!
{
	archiveVersion = 1;
	classes = {
	};
	objectVersion = 55;
	objects = {

/* Begin PBXBuildFile section */
		A80784E5286AD96B0085BA05 /* CarView.swift in Sources */ = {isa = PBXBuildFile; fileRef = A80784E4286AD96B0085BA05 /* CarView.swift */; };
		A80784EE286ADCCF0085BA05 /* Lato-BoldItalic.ttf in Resources */ = {isa = PBXBuildFile; fileRef = A80784E6286ADCCF0085BA05 /* Lato-BoldItalic.ttf */; };
		A80784EF286ADCCF0085BA05 /* Lato-Black.ttf in Resources */ = {isa = PBXBuildFile; fileRef = A80784E7286ADCCF0085BA05 /* Lato-Black.ttf */; };
		A80784F0286ADCCF0085BA05 /* Lato-LightItalic.ttf in Resources */ = {isa = PBXBuildFile; fileRef = A80784E8286ADCCF0085BA05 /* Lato-LightItalic.ttf */; };
		A80784F1286ADCCF0085BA05 /* Lato-Bold.ttf in Resources */ = {isa = PBXBuildFile; fileRef = A80784E9286ADCCF0085BA05 /* Lato-Bold.ttf */; };
		A80784F2286ADCCF0085BA05 /* Lato-BlackItalic.ttf in Resources */ = {isa = PBXBuildFile; fileRef = A80784EA286ADCCF0085BA05 /* Lato-BlackItalic.ttf */; };
		A80784F3286ADCCF0085BA05 /* Lato-Italic.ttf in Resources */ = {isa = PBXBuildFile; fileRef = A80784EB286ADCCF0085BA05 /* Lato-Italic.ttf */; };
		A80784F4286ADCCF0085BA05 /* Lato-Light.ttf in Resources */ = {isa = PBXBuildFile; fileRef = A80784EC286ADCCF0085BA05 /* Lato-Light.ttf */; };
		A80784F5286ADCCF0085BA05 /* Lato-Regular.ttf in Resources */ = {isa = PBXBuildFile; fileRef = A80784ED286ADCCF0085BA05 /* Lato-Regular.ttf */; };
		A80784FB286ADF540085BA05 /* Gilroy-UltraLight.ttf in Resources */ = {isa = PBXBuildFile; fileRef = A80784FA286ADF540085BA05 /* Gilroy-UltraLight.ttf */; };
		A8103C3D286C5680004076A7 /* progressBar.swift in Sources */ = {isa = PBXBuildFile; fileRef = A8103C3C286C5680004076A7 /* progressBar.swift */; };
		A8103C3F286C5796004076A7 /* TicksView.swift in Sources */ = {isa = PBXBuildFile; fileRef = A8103C3E286C5796004076A7 /* TicksView.swift */; };
		A8103C41286C8AA7004076A7 /* Gilroy-Black.ttf in Resources */ = {isa = PBXBuildFile; fileRef = A8103C40286C8A6F004076A7 /* Gilroy-Black.ttf */; };
		A8103C43286C8AFF004076A7 /* Gilroy-Medium.ttf in Resources */ = {isa = PBXBuildFile; fileRef = A8103C42286C8AFF004076A7 /* Gilroy-Medium.ttf */; };
		A81C2AC4286B01A800118ACD /* triangle.swift in Sources */ = {isa = PBXBuildFile; fileRef = A81C2AC3286B01A800118ACD /* triangle.swift */; };
		A852BD202868827300BE57C9 /* tesla_inspired_MobileAppApp.swift in Sources */ = {isa = PBXBuildFile; fileRef = A852BD1F2868827300BE57C9 /* tesla_inspired_MobileAppApp.swift */; };
		A852BD222868827300BE57C9 /* ContentView.swift in Sources */ = {isa = PBXBuildFile; fileRef = A852BD212868827300BE57C9 /* ContentView.swift */; };
		A852BD242868827400BE57C9 /* Assets.xcassets in Resources */ = {isa = PBXBuildFile; fileRef = A852BD232868827400BE57C9 /* Assets.xcassets */; };
		A852BD272868827400BE57C9 /* Preview Assets.xcassets in Resources */ = {isa = PBXBuildFile; fileRef = A852BD262868827400BE57C9 /* Preview Assets.xcassets */; };
		A852BD292868827400BE57C9 /* Persistence.swift in Sources */ = {isa = PBXBuildFile; fileRef = A852BD282868827400BE57C9 /* Persistence.swift */; };
		A852BD2C2868827400BE57C9 /* tesla_inspired_MobileApp.xcdatamodeld in Sources */ = {isa = PBXBuildFile; fileRef = A852BD2A2868827400BE57C9 /* tesla_inspired_MobileApp.xcdatamodeld */; };
		A852BD362868827400BE57C9 /* tesla_inspired_MobileAppTests.swift in Sources */ = {isa = PBXBuildFile; fileRef = A852BD352868827400BE57C9 /* tesla_inspired_MobileAppTests.swift */; };
		A852BD402868827400BE57C9 /* tesla_inspired_MobileAppUITests.swift in Sources */ = {isa = PBXBuildFile; fileRef = A852BD3F2868827400BE57C9 /* tesla_inspired_MobileAppUITests.swift */; };
		A852BD422868827400BE57C9 /* tesla_inspired_MobileAppUITestsLaunchTests.swift in Sources */ = {isa = PBXBuildFile; fileRef = A852BD412868827400BE57C9 /* tesla_inspired_MobileAppUITestsLaunchTests.swift */; };
		A852BD502868836C00BE57C9 /* HomeView.swift in Sources */ = {isa = PBXBuildFile; fileRef = A852BD4F2868836C00BE57C9 /* HomeView.swift */; };
		A852BD53286883A800BE57C9 /* Background.swift in Sources */ = {isa = PBXBuildFile; fileRef = A852BD52286883A800BE57C9 /* Background.swift */; };
		A852BD552868848400BE57C9 /* TopBar.swift in Sources */ = {isa = PBXBuildFile; fileRef = A852BD542868848400BE57C9 /* TopBar.swift */; };
		A852BD572868868300BE57C9 /* CircleButtonNeumorphic.swift in Sources */ = {isa = PBXBuildFile; fileRef = A852BD562868868300BE57C9 /* CircleButtonNeumorphic.swift */; };
		A8D1905E286C4CBF00B27B16 /* ACView.swift in Sources */ = {isa = PBXBuildFile; fileRef = A8D1905D286C4CBF00B27B16 /* ACView.swift */; };
		A8D19060286C4FB600B27B16 /* Neumorphic-OnOffBtn.swift in Sources */ = {isa = PBXBuildFile; fileRef = A8D1905F286C4FB600B27B16 /* Neumorphic-OnOffBtn.swift */; };
		A8E0B4DF286ACAAA003E574A /* neumorphic-unlock-btn.swift in Sources */ = {isa = PBXBuildFile; fileRef = A8E0B4DE286ACAAA003E574A /* neumorphic-unlock-btn.swift */; };
/* End PBXBuildFile section */

/* Begin PBXContainerItemProxy section */
		A852BD322868827400BE57C9 /* PBXContainerItemProxy */ = {
			isa = PBXContainerItemProxy;
			containerPortal = A852BD142868827300BE57C9 /* Project object */;
			proxyType = 1;
			remoteGlobalIDString = A852BD1B2868827300BE57C9;
			remoteInfo = "tesla-inspired-MobileApp";
		};
		A852BD3C2868827400BE57C9 /* PBXContainerItemProxy */ = {
			isa = PBXContainerItemProxy;
			containerPortal = A852BD142868827300BE57C9 /* Project object */;
			proxyType = 1;
			remoteGlobalIDString = A852BD1B2868827300BE57C9;
			remoteInfo = "tesla-inspired-MobileApp";
		};
/* End PBXContainerItemProxy section */

/* Begin PBXFileReference section */
		A80784E4286AD96B0085BA05 /* CarView.swift */ = {isa = PBXFileReference; lastKnownFileType = sourcecode.swift; path = CarView.swift; sourceTree = "<group>"; };
		A80784E6286ADCCF0085BA05 /* Lato-BoldItalic.ttf */ = {isa = PBXFileReference; lastKnownFileType = file; name = "Lato-BoldItalic.ttf"; path = "../../../../Downloads/Lato/Lato-BoldItalic.ttf"; sourceTree = "<group>"; };
		A80784E7286ADCCF0085BA05 /* Lato-Black.ttf */ = {isa = PBXFileReference; lastKnownFileType = file; name = "Lato-Black.ttf"; path = "../../../../Downloads/Lato/Lato-Black.ttf"; sourceTree = "<group>"; };
		A80784E8286ADCCF0085BA05 /* Lato-LightItalic.ttf */ = {isa = PBXFileReference; lastKnownFileType = file; name = "Lato-LightItalic.ttf"; path = "../../../../Downloads/Lato/Lato-LightItalic.ttf"; sourceTree = "<group>"; };
		A80784E9286ADCCF0085BA05 /* Lato-Bold.ttf */ = {isa = PBXFileReference; lastKnownFileType = file; name = "Lato-Bold.ttf"; path = "../../../../Downloads/Lato/Lato-Bold.ttf"; sourceTree = "<group>"; };
		A80784EA286ADCCF0085BA05 /* Lato-BlackItalic.ttf */ = {isa = PBXFileReference; lastKnownFileType = file; name = "Lato-BlackItalic.ttf"; path = "../../../../Downloads/Lato/Lato-BlackItalic.ttf"; sourceTree = "<group>"; };
		A80784EB286ADCCF0085BA05 /* Lato-Italic.ttf */ = {isa = PBXFileReference; lastKnownFileType = file; name = "Lato-Italic.ttf"; path = "../../../../Downloads/Lato/Lato-Italic.ttf"; sourceTree = "<group>"; };
		A80784EC286ADCCF0085BA05 /* Lato-Light.ttf */ = {isa = PBXFileReference; lastKnownFileType = file; name = "Lato-Light.ttf"; path = "../../../../Downloads/Lato/Lato-Light.ttf"; sourceTree = "<group>"; };
		A80784ED286ADCCF0085BA05 /* Lato-Regular.ttf */ = {isa = PBXFileReference; lastKnownFileType = file; name = "Lato-Regular.ttf"; path = "../../../../Downloads/Lato/Lato-Regular.ttf"; sourceTree = "<group>"; };
		A80784FA286ADF540085BA05 /* Gilroy-UltraLight.ttf */ = {isa = PBXFileReference; lastKnownFileType = file; name = "Gilroy-UltraLight.ttf"; path = "../../../../Downloads/Gilroy-UltraLight.ttf"; sourceTree = "<group>"; };
		A8103C3C286C5680004076A7 /* progressBar.swift */ = {isa = PBXFileReference; lastKnownFileType = sourcecode.swift; path = progressBar.swift; sourceTree = "<group>"; };
		A8103C3E286C5796004076A7 /* TicksView.swift */ = {isa = PBXFileReference; lastKnownFileType = sourcecode.swift; path = TicksView.swift; sourceTree = "<group>"; };
		A8103C40286C8A6F004076A7 /* Gilroy-Black.ttf */ = {isa = PBXFileReference; lastKnownFileType = file; name = "Gilroy-Black.ttf"; path = "../../../../Downloads/Gilroy-Black.ttf"; sourceTree = "<group>"; };
		A8103C42286C8AFF004076A7 /* Gilroy-Medium.ttf */ = {isa = PBXFileReference; lastKnownFileType = file; name = "Gilroy-Medium.ttf"; path = "../../../../Downloads/Gilroy-Medium.ttf"; sourceTree = "<group>"; };
		A81C2AC3286B01A800118ACD /* triangle.swift */ = {isa = PBXFileReference; lastKnownFileType = sourcecode.swift; path = triangle.swift; sourceTree = "<group>"; };
		A852BD1C2868827300BE57C9 /* tesla-inspired-MobileApp.app */ = {isa = PBXFileReference; explicitFileType = wrapper.application; includeInIndex = 0; path = "tesla-inspired-MobileApp.app"; sourceTree = BUILT_PRODUCTS_DIR; };
		A852BD1F2868827300BE57C9 /* tesla_inspired_MobileAppApp.swift */ = {isa = PBXFileReference; lastKnownFileType = sourcecode.swift; path = tesla_inspired_MobileAppApp.swift; sourceTree = "<group>"; };
		A852BD212868827300BE57C9 /* ContentView.swift */ = {isa = PBXFileReference; lastKnownFileType = sourcecode.swift; path = ContentView.swift; sourceTree = "<group>"; };
		A852BD232868827400BE57C9 /* Assets.xcassets */ = {isa = PBXFileReference; lastKnownFileType = folder.assetcatalog; path = Assets.xcassets; sourceTree = "<group>"; };
		A852BD262868827400BE57C9 /* Preview Assets.xcassets */ = {isa = PBXFileReference; lastKnownFileType = folder.assetcatalog; path = "Preview Assets.xcassets"; sourceTree = "<group>"; };
		A852BD282868827400BE57C9 /* Persistence.swift */ = {isa = PBXFileReference; lastKnownFileType = sourcecode.swift; path = Persistence.swift; sourceTree = "<group>"; };
		A852BD2B2868827400BE57C9 /* tesla_inspired_MobileApp.xcdatamodel */ = {isa = PBXFileReference; lastKnownFileType = wrapper.xcdatamodel; path = tesla_inspired_MobileApp.xcdatamodel; sourceTree = "<group>"; };
		A852BD312868827400BE57C9 /* tesla-inspired-MobileAppTests.xctest */ = {isa = PBXFileReference; explicitFileType = wrapper.cfbundle; includeInIndex = 0; path = "tesla-inspired-MobileAppTests.xctest"; sourceTree = BUILT_PRODUCTS_DIR; };
		A852BD352868827400BE57C9 /* tesla_inspired_MobileAppTests.swift */ = {isa = PBXFileReference; lastKnownFileType = sourcecode.swift; path = tesla_inspired_MobileAppTests.swift; sourceTree = "<group>"; };
		A852BD3B2868827400BE57C9 /* tesla-inspired-MobileAppUITests.xctest */ = {isa = PBXFileReference; explicitFileType = wrapper.cfbundle; includeInIndex = 0; path = "tesla-inspired-MobileAppUITests.xctest"; sourceTree = BUILT_PRODUCTS_DIR; };
		A852BD3F2868827400BE57C9 /* tesla_inspired_MobileAppUITests.swift */ = {isa = PBXFileReference; lastKnownFileType = sourcecode.swift; path = tesla_inspired_MobileAppUITests.swift; sourceTree = "<group>"; };
		A852BD412868827400BE57C9 /* tesla_inspired_MobileAppUITestsLaunchTests.swift */ = {isa = PBXFileReference; lastKnownFileType = sourcecode.swift; path = tesla_inspired_MobileAppUITestsLaunchTests.swift; sourceTree = "<group>"; };
		A852BD4F2868836C00BE57C9 /* HomeView.swift */ = {isa = PBXFileReference; lastKnownFileType = sourcecode.swift; path = HomeView.swift; sourceTree = "<group>"; };
		A852BD52286883A800BE57C9 /* Background.swift */ = {isa = PBXFileReference; lastKnownFileType = sourcecode.swift; path = Background.swift; sourceTree = "<group>"; };
		A852BD542868848400BE57C9 /* TopBar.swift */ = {isa = PBXFileReference; lastKnownFileType = sourcecode.swift; path = TopBar.swift; sourceTree = "<group>"; };
		A852BD562868868300BE57C9 /* CircleButtonNeumorphic.swift */ = {isa = PBXFileReference; lastKnownFileType = sourcecode.swift; path = CircleButtonNeumorphic.swift; sourceTree = "<group>"; };
		A8D1905D286C4CBF00B27B16 /* ACView.swift */ = {isa = PBXFileReference; lastKnownFileType = sourcecode.swift; path = ACView.swift; sourceTree = "<group>"; };
		A8D1905F286C4FB600B27B16 /* Neumorphic-OnOffBtn.swift */ = {isa = PBXFileReference; lastKnownFileType = sourcecode.swift; path = "Neumorphic-OnOffBtn.swift"; sourceTree = "<group>"; };
		A8E0B4CF286ABE00003E574A /* Info.plist */ = {isa = PBXFileReference; lastKnownFileType = text.plist; path = Info.plist; sourceTree = "<group>"; };
		A8E0B4DE286ACAAA003E574A /* neumorphic-unlock-btn.swift */ = {isa = PBXFileReference; lastKnownFileType = sourcecode.swift; path = "neumorphic-unlock-btn.swift"; sourceTree = "<group>"; };
/* End PBXFileReference section */

/* Begin PBXFrameworksBuildPhase section */
		A852BD192868827300BE57C9 /* Frameworks */ = {
			isa = PBXFrameworksBuildPhase;
			buildActionMask = 2147483647;
			files = (
			);
			runOnlyForDeploymentPostprocessing = 0;
		};
		A852BD2E2868827400BE57C9 /* Frameworks */ = {
			isa = PBXFrameworksBuildPhase;
			buildActionMask = 2147483647;
			files = (
			);
			runOnlyForDeploymentPostprocessing = 0;
		};
		A852BD382868827400BE57C9 /* Frameworks */ = {
			isa = PBXFrameworksBuildPhase;
			buildActionMask = 2147483647;
			files = (
			);
			runOnlyForDeploymentPostprocessing = 0;
		};
/* End PBXFrameworksBuildPhase section */

/* Begin PBXGroup section */
		A852BD132868827300BE57C9 = {
			isa = PBXGroup;
			children = (
				A852BD1E2868827300BE57C9 /* tesla-inspired-MobileApp */,
				A852BD342868827400BE57C9 /* tesla-inspired-MobileAppTests */,
				A852BD3E2868827400BE57C9 /* tesla-inspired-MobileAppUITests */,
				A852BD1D2868827300BE57C9 /* Products */,
			);
			sourceTree = "<group>";
		};
		A852BD1D2868827300BE57C9 /* Products */ = {
			isa = PBXGroup;
			children = (
				A852BD1C2868827300BE57C9 /* tesla-inspired-MobileApp.app */,
				A852BD312868827400BE57C9 /* tesla-inspired-MobileAppTests.xctest */,
				A852BD3B2868827400BE57C9 /* tesla-inspired-MobileAppUITests.xctest */,
			);
			name = Products;
			sourceTree = "<group>";
		};
		A852BD1E2868827300BE57C9 /* tesla-inspired-MobileApp */ = {
			isa = PBXGroup;
			children = (
				A8E0B4CF286ABE00003E574A /* Info.plist */,
				A8E0B4C4286ABDBC003E574A /* fonts */,
				A852BD512868839C00BE57C9 /* contants */,
				A852BD4E2868835400BE57C9 /* views */,
				A852BD1F2868827300BE57C9 /* tesla_inspired_MobileAppApp.swift */,
				A852BD212868827300BE57C9 /* ContentView.swift */,
				A852BD232868827400BE57C9 /* Assets.xcassets */,
				A852BD282868827400BE57C9 /* Persistence.swift */,
				A852BD2A2868827400BE57C9 /* tesla_inspired_MobileApp.xcdatamodeld */,
				A852BD252868827400BE57C9 /* Preview Content */,
			);
			path = "tesla-inspired-MobileApp";
			sourceTree = "<group>";
		};
		A852BD252868827400BE57C9 /* Preview Content */ = {
			isa = PBXGroup;
			children = (
				A852BD262868827400BE57C9 /* Preview Assets.xcassets */,
			);
			path = "Preview Content";
			sourceTree = "<group>";
		};
		A852BD342868827400BE57C9 /* tesla-inspired-MobileAppTests */ = {
			isa = PBXGroup;
			children = (
				A852BD352868827400BE57C9 /* tesla_inspired_MobileAppTests.swift */,
			);
			path = "tesla-inspired-MobileAppTests";
			sourceTree = "<group>";
		};
		A852BD3E2868827400BE57C9 /* tesla-inspired-MobileAppUITests */ = {
			isa = PBXGroup;
			children = (
				A852BD3F2868827400BE57C9 /* tesla_inspired_MobileAppUITests.swift */,
				A852BD412868827400BE57C9 /* tesla_inspired_MobileAppUITestsLaunchTests.swift */,
			);
			path = "tesla-inspired-MobileAppUITests";
			sourceTree = "<group>";
		};
		A852BD4E2868835400BE57C9 /* views */ = {
			isa = PBXGroup;
			children = (
				A852BD4F2868836C00BE57C9 /* HomeView.swift */,
				A80784E4286AD96B0085BA05 /* CarView.swift */,
				A8D1905D286C4CBF00B27B16 /* ACView.swift */,
			);
			path = views;
			sourceTree = "<group>";
		};
		A852BD512868839C00BE57C9 /* contants */ = {
			isa = PBXGroup;
			children = (
				A852BD52286883A800BE57C9 /* Background.swift */,
				A852BD542868848400BE57C9 /* TopBar.swift */,
				A852BD562868868300BE57C9 /* CircleButtonNeumorphic.swift */,
				A8E0B4DE286ACAAA003E574A /* neumorphic-unlock-btn.swift */,
				A81C2AC3286B01A800118ACD /* triangle.swift */,
				A8D1905F286C4FB600B27B16 /* Neumorphic-OnOffBtn.swift */,
				A8103C3C286C5680004076A7 /* progressBar.swift */,
				A8103C3E286C5796004076A7 /* TicksView.swift */,
			);
			path = contants;
			sourceTree = "<group>";
		};
		A8E0B4C4286ABDBC003E574A /* fonts */ = {
			isa = PBXGroup;
			children = (
				A80784FA286ADF540085BA05 /* Gilroy-UltraLight.ttf */,
				A80784E7286ADCCF0085BA05 /* Lato-Black.ttf */,
				A80784EA286ADCCF0085BA05 /* Lato-BlackItalic.ttf */,
				A80784E9286ADCCF0085BA05 /* Lato-Bold.ttf */,
				A8103C42286C8AFF004076A7 /* Gilroy-Medium.ttf */,
				A8103C40286C8A6F004076A7 /* Gilroy-Black.ttf */,
				A80784E6286ADCCF0085BA05 /* Lato-BoldItalic.ttf */,
				A80784EB286ADCCF0085BA05 /* Lato-Italic.ttf */,
				A80784EC286ADCCF0085BA05 /* Lato-Light.ttf */,
				A80784E8286ADCCF0085BA05 /* Lato-LightItalic.ttf */,
				A80784ED286ADCCF0085BA05 /* Lato-Regular.ttf */,
			);
			path = fonts;
			sourceTree = "<group>";
		};
/* End PBXGroup section */

/* Begin PBXNativeTarget section */
		A852BD1B2868827300BE57C9 /* tesla-inspired-MobileApp */ = {
			isa = PBXNativeTarget;
			buildConfigurationList = A852BD452868827400BE57C9 /* Build configuration list for PBXNativeTarget "tesla-inspired-MobileApp" */;
			buildPhases = (
				A852BD182868827300BE57C9 /* Sources */,
				A852BD192868827300BE57C9 /* Frameworks */,
				A852BD1A2868827300BE57C9 /* Resources */,
			);
			buildRules = (
			);
			dependencies = (
			);
			name = "tesla-inspired-MobileApp";
			productName = "tesla-inspired-MobileApp";
			productReference = A852BD1C2868827300BE57C9 /* tesla-inspired-MobileApp.app */;
			productType = "com.apple.product-type.application";
		};
		A852BD302868827400BE57C9 /* tesla-inspired-MobileAppTests */ = {
			isa = PBXNativeTarget;
			buildConfigurationList = A852BD482868827400BE57C9 /* Build configuration list for PBXNativeTarget "tesla-inspired-MobileAppTests" */;
			buildPhases = (
				A852BD2D2868827400BE57C9 /* Sources */,
				A852BD2E2868827400BE57C9 /* Frameworks */,
				A852BD2F2868827400BE57C9 /* Resources */,
			);
			buildRules = (
			);
			dependencies = (
				A852BD332868827400BE57C9 /* PBXTargetDependency */,
			);
			name = "tesla-inspired-MobileAppTests";
			productName = "tesla-inspired-MobileAppTests";
			productReference = A852BD312868827400BE57C9 /* tesla-inspired-MobileAppTests.xctest */;
			productType = "com.apple.product-type.bundle.unit-test";
		};
		A852BD3A2868827400BE57C9 /* tesla-inspired-MobileAppUITests */ = {
			isa = PBXNativeTarget;
			buildConfigurationList = A852BD4B2868827400BE57C9 /* Build configuration list for PBXNativeTarget "tesla-inspired-MobileAppUITests" */;
			buildPhases = (
				A852BD372868827400BE57C9 /* Sources */,
				A852BD382868827400BE57C9 /* Frameworks */,
				A852BD392868827400BE57C9 /* Resources */,
			);
			buildRules = (
			);
			dependencies = (
				A852BD3D2868827400BE57C9 /* PBXTargetDependency */,
			);
			name = "tesla-inspired-MobileAppUITests";
			productName = "tesla-inspired-MobileAppUITests";
			productReference = A852BD3B2868827400BE57C9 /* tesla-inspired-MobileAppUITests.xctest */;
			productType = "com.apple.product-type.bundle.ui-testing";
		};
/* End PBXNativeTarget section */

/* Begin PBXProject section */
		A852BD142868827300BE57C9 /* Project object */ = {
			isa = PBXProject;
			attributes = {
				BuildIndependentTargetsInParallel = 1;
				LastSwiftUpdateCheck = 1340;
				LastUpgradeCheck = 1340;
				TargetAttributes = {
					A852BD1B2868827300BE57C9 = {
						CreatedOnToolsVersion = 13.4;
					};
					A852BD302868827400BE57C9 = {
						CreatedOnToolsVersion = 13.4;
						TestTargetID = A852BD1B2868827300BE57C9;
					};
					A852BD3A2868827400BE57C9 = {
						CreatedOnToolsVersion = 13.4;
						TestTargetID = A852BD1B2868827300BE57C9;
					};
				};
			};
			buildConfigurationList = A852BD172868827300BE57C9 /* Build configuration list for PBXProject "tesla-inspired-MobileApp" */;
			compatibilityVersion = "Xcode 13.0";
			developmentRegion = en;
			hasScannedForEncodings = 0;
			knownRegions = (
				en,
				Base,
			);
			mainGroup = A852BD132868827300BE57C9;
			productRefGroup = A852BD1D2868827300BE57C9 /* Products */;
			projectDirPath = "";
			projectRoot = "";
			targets = (
				A852BD1B2868827300BE57C9 /* tesla-inspired-MobileApp */,
				A852BD302868827400BE57C9 /* tesla-inspired-MobileAppTests */,
				A852BD3A2868827400BE57C9 /* tesla-inspired-MobileAppUITests */,
			);
		};
/* End PBXProject section */

/* Begin PBXResourcesBuildPhase section */
		A852BD1A2868827300BE57C9 /* Resources */ = {
			isa = PBXResourcesBuildPhase;
			buildActionMask = 2147483647;
			files = (
				A8103C41286C8AA7004076A7 /* Gilroy-Black.ttf in Resources */,
				A80784EF286ADCCF0085BA05 /* Lato-Black.ttf in Resources */,
				A80784F1286ADCCF0085BA05 /* Lato-Bold.ttf in Resources */,
				A80784FB286ADF540085BA05 /* Gilroy-UltraLight.ttf in Resources */,
				A80784F2286ADCCF0085BA05 /* Lato-BlackItalic.ttf in Resources */,
				A80784F4286ADCCF0085BA05 /* Lato-Light.ttf in Resources */,
				A80784F0286ADCCF0085BA05 /* Lato-LightItalic.ttf in Resources */,
				A80784EE286ADCCF0085BA05 /* Lato-BoldItalic.ttf in Resources */,
				A852BD272868827400BE57C9 /* Preview Assets.xcassets in Resources */,
				A80784F5286ADCCF0085BA05 /* Lato-Regular.ttf in Resources */,
				A80784F3286ADCCF0085BA05 /* Lato-Italic.ttf in Resources */,
				A8103C43286C8AFF004076A7 /* Gilroy-Medium.ttf in Resources */,
				A852BD242868827400BE57C9 /* Assets.xcassets in Resources */,
			);
			runOnlyForDeploymentPostprocessing = 0;
		};
		A852BD2F2868827400BE57C9 /* Resources */ = {
			isa = PBXResourcesBuildPhase;
			buildActionMask = 2147483647;
			files = (
			);
			runOnlyForDeploymentPostprocessing = 0;
		};
		A852BD392868827400BE57C9 /* Resources */ = {
			isa = PBXResourcesBuildPhase;
			buildActionMask = 2147483647;
			files = (
			);
			runOnlyForDeploymentPostprocessing = 0;
		};
/* End PBXResourcesBuildPhase section */

/* Begin PBXSourcesBuildPhase section */
		A852BD182868827300BE57C9 /* Sources */ = {
			isa = PBXSourcesBuildPhase;
			buildActionMask = 2147483647;
			files = (
				A852BD552868848400BE57C9 /* TopBar.swift in Sources */,
				A80784E5286AD96B0085BA05 /* CarView.swift in Sources */,
				A8D1905E286C4CBF00B27B16 /* ACView.swift in Sources */,
				A852BD292868827400BE57C9 /* Persistence.swift in Sources */,
				A852BD222868827300BE57C9 /* ContentView.swift in Sources */,
				A852BD53286883A800BE57C9 /* Background.swift in Sources */,
				A852BD202868827300BE57C9 /* tesla_inspired_MobileAppApp.swift in Sources */,
				A8D19060286C4FB600B27B16 /* Neumorphic-OnOffBtn.swift in Sources */,
				A8103C3F286C5796004076A7 /* TicksView.swift in Sources */,
				A8103C3D286C5680004076A7 /* progressBar.swift in Sources */,
				A8E0B4DF286ACAAA003E574A /* neumorphic-unlock-btn.swift in Sources */,
				A852BD502868836C00BE57C9 /* HomeView.swift in Sources */,
				A852BD2C2868827400BE57C9 /* tesla_inspired_MobileApp.xcdatamodeld in Sources */,
				A81C2AC4286B01A800118ACD /* triangle.swift in Sources */,
				A852BD572868868300BE57C9 /* CircleButtonNeumorphic.swift in Sources */,
			);
			runOnlyForDeploymentPostprocessing = 0;
		};
		A852BD2D2868827400BE57C9 /* Sources */ = {
			isa = PBXSourcesBuildPhase;
			buildActionMask = 2147483647;
			files = (
				A852BD362868827400BE57C9 /* tesla_inspired_MobileAppTests.swift in Sources */,
			);
			runOnlyForDeploymentPostprocessing = 0;
		};
		A852BD372868827400BE57C9 /* Sources */ = {
			isa = PBXSourcesBuildPhase;
			buildActionMask = 2147483647;
			files = (
				A852BD422868827400BE57C9 /* tesla_inspired_MobileAppUITestsLaunchTests.swift in Sources */,
				A852BD402868827400BE57C9 /* tesla_inspired_MobileAppUITests.swift in Sources */,
			);
			runOnlyForDeploymentPostprocessing = 0;
		};
/* End PBXSourcesBuildPhase section */

/* Begin PBXTargetDependency section */
		A852BD332868827400BE57C9 /* PBXTargetDependency */ = {
			isa = PBXTargetDependency;
			target = A852BD1B2868827300BE57C9 /* tesla-inspired-MobileApp */;
			targetProxy = A852BD322868827400BE57C9 /* PBXContainerItemProxy */;
		};
		A852BD3D2868827400BE57C9 /* PBXTargetDependency */ = {
			isa = PBXTargetDependency;
			target = A852BD1B2868827300BE57C9 /* tesla-inspired-MobileApp */;
			targetProxy = A852BD3C2868827400BE57C9 /* PBXContainerItemProxy */;
		};
/* End PBXTargetDependency section */

/* Begin XCBuildConfiguration section */
		A852BD432868827400BE57C9 /* Debug */ = {
			isa = XCBuildConfiguration;
			buildSettings = {
				ALWAYS_SEARCH_USER_PATHS = NO;
				CLANG_ANALYZER_NONNULL = YES;
				CLANG_ANALYZER_NUMBER_OBJECT_CONVERSION = YES_AGGRESSIVE;
				CLANG_CXX_LANGUAGE_STANDARD = "gnu++17";
				CLANG_ENABLE_MODULES = YES;
				CLANG_ENABLE_OBJC_ARC = YES;
				CLANG_ENABLE_OBJC_WEAK = YES;
				CLANG_WARN_BLOCK_CAPTURE_AUTORELEASING = YES;
				CLANG_WARN_BOOL_CONVERSION = YES;
				CLANG_WARN_COMMA = YES;
				CLANG_WARN_CONSTANT_CONVERSION = YES;
				CLANG_WARN_DEPRECATED_OBJC_IMPLEMENTATIONS = YES;
				CLANG_WARN_DIRECT_OBJC_ISA_USAGE = YES_ERROR;
				CLANG_WARN_DOCUMENTATION_COMMENTS = YES;
				CLANG_WARN_EMPTY_BODY = YES;
				CLANG_WARN_ENUM_CONVERSION = YES;
				CLANG_WARN_INFINITE_RECURSION = YES;
				CLANG_WARN_INT_CONVERSION = YES;
				CLANG_WARN_NON_LITERAL_NULL_CONVERSION = YES;
				CLANG_WARN_OBJC_IMPLICIT_RETAIN_SELF = YES;
				CLANG_WARN_OBJC_LITERAL_CONVERSION = YES;
				CLANG_WARN_OBJC_ROOT_CLASS = YES_ERROR;
				CLANG_WARN_QUOTED_INCLUDE_IN_FRAMEWORK_HEADER = YES;
				CLANG_WARN_RANGE_LOOP_ANALYSIS = YES;
				CLANG_WARN_STRICT_PROTOTYPES = YES;
				CLANG_WARN_SUSPICIOUS_MOVE = YES;
				CLANG_WARN_UNGUARDED_AVAILABILITY = YES_AGGRESSIVE;
				CLANG_WARN_UNREACHABLE_CODE = YES;
				CLANG_WARN__DUPLICATE_METHOD_MATCH = YES;
				COPY_PHASE_STRIP = NO;
				DEBUG_INFORMATION_FORMAT = dwarf;
				ENABLE_STRICT_OBJC_MSGSEND = YES;
				ENABLE_TESTABILITY = YES;
				GCC_C_LANGUAGE_STANDARD = gnu11;
				GCC_DYNAMIC_NO_PIC = NO;
				GCC_NO_COMMON_BLOCKS = YES;
				GCC_OPTIMIZATION_LEVEL = 0;
				GCC_PREPROCESSOR_DEFINITIONS = (
					"DEBUG=1",
					"$(inherited)",
				);
				GCC_WARN_64_TO_32_BIT_CONVERSION = YES;
				GCC_WARN_ABOUT_RETURN_TYPE = YES_ERROR;
				GCC_WARN_UNDECLARED_SELECTOR = YES;
				GCC_WARN_UNINITIALIZED_AUTOS = YES_AGGRESSIVE;
				GCC_WARN_UNUSED_FUNCTION = YES;
				GCC_WARN_UNUSED_VARIABLE = YES;
				IPHONEOS_DEPLOYMENT_TARGET = 15.5;
				MTL_ENABLE_DEBUG_INFO = INCLUDE_SOURCE;
				MTL_FAST_MATH = YES;
				ONLY_ACTIVE_ARCH = YES;
				SDKROOT = iphoneos;
				SWIFT_ACTIVE_COMPILATION_CONDITIONS = DEBUG;
				SWIFT_OPTIMIZATION_LEVEL = "-Onone";
			};
			name = Debug;
		};
		A852BD442868827400BE57C9 /* Release */ = {
			isa = XCBuildConfiguration;
			buildSettings = {
				ALWAYS_SEARCH_USER_PATHS = NO;
				CLANG_ANALYZER_NONNULL = YES;
				CLANG_ANALYZER_NUMBER_OBJECT_CONVERSION = YES_AGGRESSIVE;
				CLANG_CXX_LANGUAGE_STANDARD = "gnu++17";
				CLANG_ENABLE_MODULES = YES;
				CLANG_ENABLE_OBJC_ARC = YES;
				CLANG_ENABLE_OBJC_WEAK = YES;
				CLANG_WARN_BLOCK_CAPTURE_AUTORELEASING = YES;
				CLANG_WARN_BOOL_CONVERSION = YES;
				CLANG_WARN_COMMA = YES;
				CLANG_WARN_CONSTANT_CONVERSION = YES;
				CLANG_WARN_DEPRECATED_OBJC_IMPLEMENTATIONS = YES;
				CLANG_WARN_DIRECT_OBJC_ISA_USAGE = YES_ERROR;
				CLANG_WARN_DOCUMENTATION_COMMENTS = YES;
				CLANG_WARN_EMPTY_BODY = YES;
				CLANG_WARN_ENUM_CONVERSION = YES;
				CLANG_WARN_INFINITE_RECURSION = YES;
				CLANG_WARN_INT_CONVERSION = YES;
				CLANG_WARN_NON_LITERAL_NULL_CONVERSION = YES;
				CLANG_WARN_OBJC_IMPLICIT_RETAIN_SELF = YES;
				CLANG_WARN_OBJC_LITERAL_CONVERSION = YES;
				CLANG_WARN_OBJC_ROOT_CLASS = YES_ERROR;
				CLANG_WARN_QUOTED_INCLUDE_IN_FRAMEWORK_HEADER = YES;
				CLANG_WARN_RANGE_LOOP_ANALYSIS = YES;
				CLANG_WARN_STRICT_PROTOTYPES = YES;
				CLANG_WARN_SUSPICIOUS_MOVE = YES;
				CLANG_WARN_UNGUARDED_AVAILABILITY = YES_AGGRESSIVE;
				CLANG_WARN_UNREACHABLE_CODE = YES;
				CLANG_WARN__DUPLICATE_METHOD_MATCH = YES;
				COPY_PHASE_STRIP = NO;
				DEBUG_INFORMATION_FORMAT = "dwarf-with-dsym";
				ENABLE_NS_ASSERTIONS = NO;
				ENABLE_STRICT_OBJC_MSGSEND = YES;
				GCC_C_LANGUAGE_STANDARD = gnu11;
				GCC_NO_COMMON_BLOCKS = YES;
				GCC_WARN_64_TO_32_BIT_CONVERSION = YES;
				GCC_WARN_ABOUT_RETURN_TYPE = YES_ERROR;
				GCC_WARN_UNDECLARED_SELECTOR = YES;
				GCC_WARN_UNINITIALIZED_AUTOS = YES_AGGRESSIVE;
				GCC_WARN_UNUSED_FUNCTION = YES;
				GCC_WARN_UNUSED_VARIABLE = YES;
				IPHONEOS_DEPLOYMENT_TARGET = 15.5;
				MTL_ENABLE_DEBUG_INFO = NO;
				MTL_FAST_MATH = YES;
				SDKROOT = iphoneos;
				SWIFT_COMPILATION_MODE = wholemodule;
				SWIFT_OPTIMIZATION_LEVEL = "-O";
				VALIDATE_PRODUCT = YES;
			};
			name = Release;
		};
		A852BD462868827400BE57C9 /* Debug */ = {
			isa = XCBuildConfiguration;
			buildSettings = {
				ASSETCATALOG_COMPILER_APPICON_NAME = AppIcon;
				ASSETCATALOG_COMPILER_GLOBAL_ACCENT_COLOR_NAME = AccentColor;
				CODE_SIGN_STYLE = Automatic;
				CURRENT_PROJECT_VERSION = 1;
				DEVELOPMENT_ASSET_PATHS = "\"tesla-inspired-MobileApp/Preview Content\"";
				DEVELOPMENT_TEAM = 9F55972V7L;
				ENABLE_PREVIEWS = YES;
				GENERATE_INFOPLIST_FILE = YES;
				INFOPLIST_FILE = "tesla-inspired-MobileApp/Info.plist";
				INFOPLIST_KEY_UIApplicationSceneManifest_Generation = YES;
				INFOPLIST_KEY_UIApplicationSupportsIndirectInputEvents = YES;
				INFOPLIST_KEY_UILaunchScreen_Generation = YES;
				INFOPLIST_KEY_UISupportedInterfaceOrientations_iPad = "UIInterfaceOrientationPortrait UIInterfaceOrientationPortraitUpsideDown UIInterfaceOrientationLandscapeLeft UIInterfaceOrientationLandscapeRight";
				INFOPLIST_KEY_UISupportedInterfaceOrientations_iPhone = "UIInterfaceOrientationPortrait UIInterfaceOrientationLandscapeLeft UIInterfaceOrientationLandscapeRight";
				LD_RUNPATH_SEARCH_PATHS = (
					"$(inherited)",
					"@executable_path/Frameworks",
				);
				MARKETING_VERSION = 1.0;
				PRODUCT_BUNDLE_IDENTIFIER = "co..tesla-inspired-MobileApp";
				PRODUCT_NAME = "$(TARGET_NAME)";
				SWIFT_EMIT_LOC_STRINGS = YES;
				SWIFT_VERSION = 5.0;
				TARGETED_DEVICE_FAMILY = "1,2";
			};
			name = Debug;
		};
		A852BD472868827400BE57C9 /* Release */ = {
			isa = XCBuildConfiguration;
			buildSettings = {
				ASSETCATALOG_COMPILER_APPICON_NAME = AppIcon;
				ASSETCATALOG_COMPILER_GLOBAL_ACCENT_COLOR_NAME = AccentColor;
				CODE_SIGN_STYLE = Automatic;
				CURRENT_PROJECT_VERSION = 1;
				DEVELOPMENT_ASSET_PATHS = "\"tesla-inspired-MobileApp/Preview Content\"";
				DEVELOPMENT_TEAM = 9F55972V7L;
				ENABLE_PREVIEWS = YES;
				GENERATE_INFOPLIST_FILE = YES;
				INFOPLIST_FILE = "tesla-inspired-MobileApp/Info.plist";
				INFOPLIST_KEY_UIApplicationSceneManifest_Generation = YES;
				INFOPLIST_KEY_UIApplicationSupportsIndirectInputEvents = YES;
				INFOPLIST_KEY_UILaunchScreen_Generation = YES;
				INFOPLIST_KEY_UISupportedInterfaceOrientations_iPad = "UIInterfaceOrientationPortrait UIInterfaceOrientationPortraitUpsideDown UIInterfaceOrientationLandscapeLeft UIInterfaceOrientationLandscapeRight";
				INFOPLIST_KEY_UISupportedInterfaceOrientations_iPhone = "UIInterfaceOrientationPortrait UIInterfaceOrientationLandscapeLeft UIInterfaceOrientationLandscapeRight";
				LD_RUNPATH_SEARCH_PATHS = (
					"$(inherited)",
					"@executable_path/Frameworks",
				);
				MARKETING_VERSION = 1.0;
				PRODUCT_BUNDLE_IDENTIFIER = "co..tesla-inspired-MobileApp";
				PRODUCT_NAME = "$(TARGET_NAME)";
				SWIFT_EMIT_LOC_STRINGS = YES;
				SWIFT_VERSION = 5.0;
				TARGETED_DEVICE_FAMILY = "1,2";
			};
			name = Release;
		};
		A852BD492868827400BE57C9 /* Debug */ = {
			isa = XCBuildConfiguration;
			buildSettings = {
				ALWAYS_EMBED_SWIFT_STANDARD_LIBRARIES = YES;
				BUNDLE_LOADER = "$(TEST_HOST)";
				CODE_SIGN_STYLE = Automatic;
				CURRENT_PROJECT_VERSION = 1;
				DEVELOPMENT_TEAM = 9F55972V7L;
				GENERATE_INFOPLIST_FILE = YES;
				IPHONEOS_DEPLOYMENT_TARGET = 15.5;
				MARKETING_VERSION = 1.0;
				PRODUCT_BUNDLE_IDENTIFIER = "co..tesla-inspired-MobileAppTests";
				PRODUCT_NAME = "$(TARGET_NAME)";
				SWIFT_EMIT_LOC_STRINGS = NO;
				SWIFT_VERSION = 5.0;
				TARGETED_DEVICE_FAMILY = "1,2";
				TEST_HOST = "$(BUILT_PRODUCTS_DIR)/tesla-inspired-MobileApp.app/tesla-inspired-MobileApp";
			};
			name = Debug;
		};
		A852BD4A2868827400BE57C9 /* Release */ = {
			isa = XCBuildConfiguration;
			buildSettings = {
				ALWAYS_EMBED_SWIFT_STANDARD_LIBRARIES = YES;
				BUNDLE_LOADER = "$(TEST_HOST)";
				CODE_SIGN_STYLE = Automatic;
				CURRENT_PROJECT_VERSION = 1;
				DEVELOPMENT_TEAM = 9F55972V7L;
				GENERATE_INFOPLIST_FILE = YES;
				IPHONEOS_DEPLOYMENT_TARGET = 15.5;
				MARKETING_VERSION = 1.0;
				PRODUCT_BUNDLE_IDENTIFIER = "co..tesla-inspired-MobileAppTests";
				PRODUCT_NAME = "$(TARGET_NAME)";
				SWIFT_EMIT_LOC_STRINGS = NO;
				SWIFT_VERSION = 5.0;
				TARGETED_DEVICE_FAMILY = "1,2";
				TEST_HOST = "$(BUILT_PRODUCTS_DIR)/tesla-inspired-MobileApp.app/tesla-inspired-MobileApp";
			};
			name = Release;
		};
		A852BD4C2868827400BE57C9 /* Debug */ = {
			isa = XCBuildConfiguration;
			buildSettings = {
				ALWAYS_EMBED_SWIFT_STANDARD_LIBRARIES = YES;
				CODE_SIGN_STYLE = Automatic;
				CURRENT_PROJECT_VERSION = 1;
				DEVELOPMENT_TEAM = 9F55972V7L;
				GENERATE_INFOPLIST_FILE = YES;
				MARKETING_VERSION = 1.0;
				PRODUCT_BUNDLE_IDENTIFIER = "co..tesla-inspired-MobileAppUITests";
				PRODUCT_NAME = "$(TARGET_NAME)";
				SWIFT_EMIT_LOC_STRINGS = NO;
				SWIFT_VERSION = 5.0;
				TARGETED_DEVICE_FAMILY = "1,2";
				TEST_TARGET_NAME = "tesla-inspired-MobileApp";
			};
			name = Debug;
		};
		A852BD4D2868827400BE57C9 /* Release */ = {
			isa = XCBuildConfiguration;
			buildSettings = {
				ALWAYS_EMBED_SWIFT_STANDARD_LIBRARIES = YES;
				CODE_SIGN_STYLE = Automatic;
				CURRENT_PROJECT_VERSION = 1;
				DEVELOPMENT_TEAM = 9F55972V7L;
				GENERATE_INFOPLIST_FILE = YES;
				MARKETING_VERSION = 1.0;
				PRODUCT_BUNDLE_IDENTIFIER = "co..tesla-inspired-MobileAppUITests";
				PRODUCT_NAME = "$(TARGET_NAME)";
				SWIFT_EMIT_LOC_STRINGS = NO;
				SWIFT_VERSION = 5.0;
				TARGETED_DEVICE_FAMILY = "1,2";
				TEST_TARGET_NAME = "tesla-inspired-MobileApp";
			};
			name = Release;
		};
/* End XCBuildConfiguration section */

/* Begin XCConfigurationList section */
		A852BD172868827300BE57C9 /* Build configuration list for PBXProject "tesla-inspired-MobileApp" */ = {
			isa = XCConfigurationList;
			buildConfigurations = (
				A852BD432868827400BE57C9 /* Debug */,
				A852BD442868827400BE57C9 /* Release */,
			);
			defaultConfigurationIsVisible = 0;
			defaultConfigurationName = Release;
		};
		A852BD452868827400BE57C9 /* Build configuration list for PBXNativeTarget "tesla-inspired-MobileApp" */ = {
			isa = XCConfigurationList;
			buildConfigurations = (
				A852BD462868827400BE57C9 /* Debug */,
				A852BD472868827400BE57C9 /* Release */,
			);
			defaultConfigurationIsVisible = 0;
			defaultConfigurationName = Release;
		};
		A852BD482868827400BE57C9 /* Build configuration list for PBXNativeTarget "tesla-inspired-MobileAppTests" */ = {
			isa = XCConfigurationList;
			buildConfigurations = (
				A852BD492868827400BE57C9 /* Debug */,
				A852BD4A2868827400BE57C9 /* Release */,
			);
			defaultConfigurationIsVisible = 0;
			defaultConfigurationName = Release;
		};
		A852BD4B2868827400BE57C9 /* Build configuration list for PBXNativeTarget "tesla-inspired-MobileAppUITests" */ = {
			isa = XCConfigurationList;
			buildConfigurations = (
				A852BD4C2868827400BE57C9 /* Debug */,
				A852BD4D2868827400BE57C9 /* Release */,
			);
			defaultConfigurationIsVisible = 0;
			defaultConfigurationName = Release;
		};
/* End XCConfigurationList section */

/* Begin XCVersionGroup section */
		A852BD2A2868827400BE57C9 /* tesla_inspired_MobileApp.xcdatamodeld */ = {
			isa = XCVersionGroup;
			children = (
				A852BD2B2868827400BE57C9 /* tesla_inspired_MobileApp.xcdatamodel */,
			);
			currentVersion = A852BD2B2868827400BE57C9 /* tesla_inspired_MobileApp.xcdatamodel */;
			path = tesla_inspired_MobileApp.xcdatamodeld;
			sourceTree = "<group>";
			versionGroupType = wrapper.xcdatamodel;
		};
/* End XCVersionGroup section */
	};
	rootObject = A852BD142868827300BE57C9 /* Project object */;
}
